
Microsoft Visual Studio Solution File, Format Version 12.00
# Visual Studio Version 16
VisualStudioVersion = 16.0.30011.22
MinimumVisualStudioVersion = 10.0.40219.1
Project("{888888A0-9F3D-457C-B088-3A5042F75D52}") = "notification-api", "notification-api.pyproj", "{2EB78824-B9EB-4AA8-9BE9-D8DD59809C90}"
EndProject
Global
	GlobalSection(SolutionConfigurationPlatforms) = preSolution
		Debug|Any CPU = Debug|Any CPU
		Release|Any CPU = Release|Any CPU
	EndGlobalSection
	GlobalSection(ProjectConfigurationPlatforms) = postSolution
		{2EB78824-B9EB-4AA8-9BE9-D8DD59809C90}.Debug|Any CPU.ActiveCfg = Debug|Any CPU
		{2EB78824-B9EB-4AA8-9BE9-D8DD59809C90}.Debug|Any CPU.Build.0 = Debug|Any CPU
		{2EB78824-B9EB-4AA8-9BE9-D8DD59809C90}.Release|Any CPU.ActiveCfg = Release|Any CPU
		{2EB78824-B9EB-4AA8-9BE9-D8DD59809C90}.Release|Any CPU.Build.0 = Release|Any CPU
	EndGlobalSection
	GlobalSection(SolutionProperties) = preSolution
		HideSolutionNode = FALSE
	EndGlobalSection
	GlobalSection(ExtensibilityGlobals) = postSolution
		SolutionGuid = {B25E3C2A-7C03-45DE-9BB0-159C028FD2A7}
	EndGlobalSection
EndGlobal
